// !$*UTF8*$!
{
	archiveVersion = 1;
	classes = {
	};
	objectVersion = 56;
	objects = {

/* Begin PBXBuildFile section */
		5A7299F62A9E76D100351AFF /* AppDelegate.swift in Sources */ = {isa = PBXBuildFile; fileRef = 5A7299F52A9E76D100351AFF /* AppDelegate.swift */; };
		5A7299F82A9E76D100351AFF /* SceneDelegate.swift in Sources */ = {isa = PBXBuildFile; fileRef = 5A7299F72A9E76D100351AFF /* SceneDelegate.swift */; };
		5A7299FA2A9E76D100351AFF /* ViewController.swift in Sources */ = {isa = PBXBuildFile; fileRef = 5A7299F92A9E76D100351AFF /* ViewController.swift */; };
		5A7299FD2A9E76D100351AFF /* Main.storyboard in Resources */ = {isa = PBXBuildFile; fileRef = 5A7299FB2A9E76D100351AFF /* Main.storyboard */; };
		5A7299FF2A9E76D300351AFF /* Assets.xcassets in Resources */ = {isa = PBXBuildFile; fileRef = 5A7299FE2A9E76D300351AFF /* Assets.xcassets */; };
		5A729A022A9E76D300351AFF /* LaunchScreen.storyboard in Resources */ = {isa = PBXBuildFile; fileRef = 5A729A002A9E76D300351AFF /* LaunchScreen.storyboard */; };
		5A729A0D2A9E76D300351AFF /* Antonio_PedrosoTests.swift in Sources */ = {isa = PBXBuildFile; fileRef = 5A729A0C2A9E76D300351AFF /* Antonio_PedrosoTests.swift */; };
		5A729A172A9E76D300351AFF /* Antonio_PedrosoUITests.swift in Sources */ = {isa = PBXBuildFile; fileRef = 5A729A162A9E76D300351AFF /* Antonio_PedrosoUITests.swift */; };
		5A729A192A9E76D300351AFF /* Antonio_PedrosoUITestsLaunchTests.swift in Sources */ = {isa = PBXBuildFile; fileRef = 5A729A182A9E76D300351AFF /* Antonio_PedrosoUITestsLaunchTests.swift */; };
/* End PBXBuildFile section */

/* Begin PBXContainerItemProxy section */
		5A729A092A9E76D300351AFF /* PBXContainerItemProxy */ = {
			isa = PBXContainerItemProxy;
			containerPortal = 5A7299EA2A9E76D100351AFF /* Project object */;
			proxyType = 1;
			remoteGlobalIDString = 5A7299F12A9E76D100351AFF;
			remoteInfo = "Antonio Pedroso";
		};
		5A729A132A9E76D300351AFF /* PBXContainerItemProxy */ = {
			isa = PBXContainerItemProxy;
			containerPortal = 5A7299EA2A9E76D100351AFF /* Project object */;
			proxyType = 1;
			remoteGlobalIDString = 5A7299F12A9E76D100351AFF;
			remoteInfo = "Antonio Pedroso";
		};
/* End PBXContainerItemProxy section */

/* Begin PBXFileReference section */
		5A7299F22A9E76D100351AFF /* Antonio Pedroso.app */ = {isa = PBXFileReference; explicitFileType = wrapper.application; includeInIndex = 0; path = "Antonio Pedroso.app"; sourceTree = BUILT_PRODUCTS_DIR; };
		5A7299F52A9E76D100351AFF /* AppDelegate.swift */ = {isa = PBXFileReference; lastKnownFileType = sourcecode.swift; path = AppDelegate.swift; sourceTree = "<group>"; };
		5A7299F72A9E76D100351AFF /* SceneDelegate.swift */ = {isa = PBXFileReference; lastKnownFileType = sourcecode.swift; path = SceneDelegate.swift; sourceTree = "<group>"; };
		5A7299F92A9E76D100351AFF /* ViewController.swift */ = {isa = PBXFileReference; lastKnownFileType = sourcecode.swift; path = ViewController.swift; sourceTree = "<group>"; };
		5A7299FC2A9E76D100351AFF /* Base */ = {isa = PBXFileReference; lastKnownFileType = file.storyboard; name = Base; path = Base.lproj/Main.storyboard; sourceTree = "<group>"; };
		5A7299FE2A9E76D300351AFF /* Assets.xcassets */ = {isa = PBXFileReference; lastKnownFileType = folder.assetcatalog; path = Assets.xcassets; sourceTree = "<group>"; };
		5A729A012A9E76D300351AFF /* Base */ = {isa = PBXFileReference; lastKnownFileType = file.storyboard; name = Base; path = Base.lproj/LaunchScreen.storyboard; sourceTree = "<group>"; };
		5A729A032A9E76D300351AFF /* Info.plist */ = {isa = PBXFileReference; lastKnownFileType = text.plist.xml; path = Info.plist; sourceTree = "<group>"; };
		5A729A082A9E76D300351AFF /* Antonio PedrosoTests.xctest */ = {isa = PBXFileReference; explicitFileType = wrapper.cfbundle; includeInIndex = 0; path = "Antonio PedrosoTests.xctest"; sourceTree = BUILT_PRODUCTS_DIR; };
		5A729A0C2A9E76D300351AFF /* Antonio_PedrosoTests.swift */ = {isa = PBXFileReference; lastKnownFileType = sourcecode.swift; path = Antonio_PedrosoTests.swift; sourceTree = "<group>"; };
		5A729A122A9E76D300351AFF /* Antonio PedrosoUITests.xctest */ = {isa = PBXFileReference; explicitFileType = wrapper.cfbundle; includeInIndex = 0; path = "Antonio PedrosoUITests.xctest"; sourceTree = BUILT_PRODUCTS_DIR; };
		5A729A162A9E76D300351AFF /* Antonio_PedrosoUITests.swift */ = {isa = PBXFileReference; lastKnownFileType = sourcecode.swift; path = Antonio_PedrosoUITests.swift; sourceTree = "<group>"; };
		5A729A182A9E76D300351AFF /* Antonio_PedrosoUITestsLaunchTests.swift */ = {isa = PBXFileReference; lastKnownFileType = sourcecode.swift; path = Antonio_PedrosoUITestsLaunchTests.swift; sourceTree = "<group>"; };
/* End PBXFileReference section */

/* Begin PBXFrameworksBuildPhase section */
		5A7299EF2A9E76D100351AFF /* Frameworks */ = {
			isa = PBXFrameworksBuildPhase;
			buildActionMask = 2147483647;
			files = (
			);
			runOnlyForDeploymentPostprocessing = 0;
		};
		5A729A052A9E76D300351AFF /* Frameworks */ = {
			isa = PBXFrameworksBuildPhase;
			buildActionMask = 2147483647;
			files = (
			);
			runOnlyForDeploymentPostprocessing = 0;
		};
		5A729A0F2A9E76D300351AFF /* Frameworks */ = {
			isa = PBXFrameworksBuildPhase;
			buildActionMask = 2147483647;
			files = (
			);
			runOnlyForDeploymentPostprocessing = 0;
		};
/* End PBXFrameworksBuildPhase section */

/* Begin PBXGroup section */
		5A7299E92A9E76D100351AFF = {
			isa = PBXGroup;
			children = (
				5A7299F42A9E76D100351AFF /* Antonio Pedroso */,
				5A729A0B2A9E76D300351AFF /* Antonio PedrosoTests */,
				5A729A152A9E76D300351AFF /* Antonio PedrosoUITests */,
				5A7299F32A9E76D100351AFF /* Products */,
			);
			sourceTree = "<group>";
		};
		5A7299F32A9E76D100351AFF /* Products */ = {
			isa = PBXGroup;
			children = (
				5A7299F22A9E76D100351AFF /* Antonio Pedroso.app */,
				5A729A082A9E76D300351AFF /* Antonio PedrosoTests.xctest */,
				5A729A122A9E76D300351AFF /* Antonio PedrosoUITests.xctest */,
			);
			name = Products;
			sourceTree = "<group>";
		};
		5A7299F42A9E76D100351AFF /* Antonio Pedroso */ = {
			isa = PBXGroup;
			children = (
				5A7299F52A9E76D100351AFF /* AppDelegate.swift */,
				5A7299F72A9E76D100351AFF /* SceneDelegate.swift */,
				5A7299F92A9E76D100351AFF /* ViewController.swift */,
				5A7299FB2A9E76D100351AFF /* Main.storyboard */,
				5A7299FE2A9E76D300351AFF /* Assets.xcassets */,
				5A729A002A9E76D300351AFF /* LaunchScreen.storyboard */,
				5A729A032A9E76D300351AFF /* Info.plist */,
			);
			path = "Antonio Pedroso";
			sourceTree = "<group>";
		};
		5A729A0B2A9E76D300351AFF /* Antonio PedrosoTests */ = {
			isa = PBXGroup;
			children = (
				5A729A0C2A9E76D300351AFF /* Antonio_PedrosoTests.swift */,
			);
			path = "Antonio PedrosoTests";
			sourceTree = "<group>";
		};
		5A729A152A9E76D300351AFF /* Antonio PedrosoUITests */ = {
			isa = PBXGroup;
			children = (
				5A729A162A9E76D300351AFF /* Antonio_PedrosoUITests.swift */,
				5A729A182A9E76D300351AFF /* Antonio_PedrosoUITestsLaunchTests.swift */,
			);
			path = "Antonio PedrosoUITests";
			sourceTree = "<group>";
		};
/* End PBXGroup section */

/* Begin PBXNativeTarget section */
		5A7299F12A9E76D100351AFF /* Antonio Pedroso */ = {
			isa = PBXNativeTarget;
			buildConfigurationList = 5A729A1C2A9E76D300351AFF /* Build configuration list for PBXNativeTarget "Antonio Pedroso" */;
			buildPhases = (
				5A7299EE2A9E76D100351AFF /* Sources */,
				5A7299EF2A9E76D100351AFF /* Frameworks */,
				5A7299F02A9E76D100351AFF /* Resources */,
			);
			buildRules = (
			);
			dependencies = (
			);
			name = "Antonio Pedroso";
			productName = "Antonio Pedroso";
			productReference = 5A7299F22A9E76D100351AFF /* Antonio Pedroso.app */;
			productType = "com.apple.product-type.application";
		};
		5A729A072A9E76D300351AFF /* Antonio PedrosoTests */ = {
			isa = PBXNativeTarget;
			buildConfigurationList = 5A729A1F2A9E76D300351AFF /* Build configuration list for PBXNativeTarget "Antonio PedrosoTests" */;
			buildPhases = (
				5A729A042A9E76D300351AFF /* Sources */,
				5A729A052A9E76D300351AFF /* Frameworks */,
				5A729A062A9E76D300351AFF /* Resources */,
			);
			buildRules = (
			);
			dependencies = (
				5A729A0A2A9E76D300351AFF /* PBXTargetDependency */,
			);
			name = "Antonio PedrosoTests";
			productName = "Antonio PedrosoTests";
			productReference = 5A729A082A9E76D300351AFF /* Antonio PedrosoTests.xctest */;
			productType = "com.apple.product-type.bundle.unit-test";
		};
		5A729A112A9E76D300351AFF /* Antonio PedrosoUITests */ = {
			isa = PBXNativeTarget;
			buildConfigurationList = 5A729A222A9E76D300351AFF /* Build configuration list for PBXNativeTarget "Antonio PedrosoUITests" */;
			buildPhases = (
				5A729A0E2A9E76D300351AFF /* Sources */,
				5A729A0F2A9E76D300351AFF /* Frameworks */,
				5A729A102A9E76D300351AFF /* Resources */,
			);
			buildRules = (
			);
			dependencies = (
				5A729A142A9E76D300351AFF /* PBXTargetDependency */,
			);
			name = "Antonio PedrosoUITests";
			productName = "Antonio PedrosoUITests";
			productReference = 5A729A122A9E76D300351AFF /* Antonio PedrosoUITests.xctest */;
			productType = "com.apple.product-type.bundle.ui-testing";
		};
/* End PBXNativeTarget section */

/* Begin PBXProject section */
		5A7299EA2A9E76D100351AFF /* Project object */ = {
			isa = PBXProject;
			attributes = {
				BuildIndependentTargetsInParallel = 1;
				LastSwiftUpdateCheck = 1430;
				LastUpgradeCheck = 1430;
				TargetAttributes = {
					5A7299F12A9E76D100351AFF = {
						CreatedOnToolsVersion = 14.3.1;
					};
					5A729A072A9E76D300351AFF = {
						CreatedOnToolsVersion = 14.3.1;
						TestTargetID = 5A7299F12A9E76D100351AFF;
					};
					5A729A112A9E76D300351AFF = {
						CreatedOnToolsVersion = 14.3.1;
						TestTargetID = 5A7299F12A9E76D100351AFF;
					};
				};
			};
			buildConfigurationList = 5A7299ED2A9E76D100351AFF /* Build configuration list for PBXProject "Antonio Pedroso" */;
			compatibilityVersion = "Xcode 14.0";
			developmentRegion = en;
			hasScannedForEncodings = 0;
			knownRegions = (
				en,
				Base,
			);
			mainGroup = 5A7299E92A9E76D100351AFF;
			productRefGroup = 5A7299F32A9E76D100351AFF /* Products */;
			projectDirPath = "";
			projectRoot = "";
			targets = (
				5A7299F12A9E76D100351AFF /* Antonio Pedroso */,
				5A729A072A9E76D300351AFF /* Antonio PedrosoTests */,
				5A729A112A9E76D300351AFF /* Antonio PedrosoUITests */,
			);
		};
/* End PBXProject section */

/* Begin PBXResourcesBuildPhase section */
		5A7299F02A9E76D100351AFF /* Resources */ = {
			isa = PBXResourcesBuildPhase;
			buildActionMask = 2147483647;
			files = (
				5A729A022A9E76D300351AFF /* LaunchScreen.storyboard in Resources */,
				5A7299FF2A9E76D300351AFF /* Assets.xcassets in Resources */,
				5A7299FD2A9E76D100351AFF /* Main.storyboard in Resources */,
			);
			runOnlyForDeploymentPostprocessing = 0;
		};
		5A729A062A9E76D300351AFF /* Resources */ = {
			isa = PBXResourcesBuildPhase;
			buildActionMask = 2147483647;
			files = (
			);
			runOnlyForDeploymentPostprocessing = 0;
		};
		5A729A102A9E76D300351AFF /* Resources */ = {
			isa = PBXResourcesBuildPhase;
			buildActionMask = 2147483647;
			files = (
			);
			runOnlyForDeploymentPostprocessing = 0;
		};
/* End PBXResourcesBuildPhase section */

/* Begin PBXSourcesBuildPhase section */
		5A7299EE2A9E76D100351AFF /* Sources */ = {
			isa = PBXSourcesBuildPhase;
			buildActionMask = 2147483647;
			files = (
				5A7299FA2A9E76D100351AFF /* ViewController.swift in Sources */,
				5A7299F62A9E76D100351AFF /* AppDelegate.swift in Sources */,
				5A7299F82A9E76D100351AFF /* SceneDelegate.swift in Sources */,
			);
			runOnlyForDeploymentPostprocessing = 0;
		};
		5A729A042A9E76D300351AFF /* Sources */ = {
			isa = PBXSourcesBuildPhase;
			buildActionMask = 2147483647;
			files = (
				5A729A0D2A9E76D300351AFF /* Antonio_PedrosoTests.swift in Sources */,
			);
			runOnlyForDeploymentPostprocessing = 0;
		};
		5A729A0E2A9E76D300351AFF /* Sources */ = {
			isa = PBXSourcesBuildPhase;
			buildActionMask = 2147483647;
			files = (
				5A729A192A9E76D300351AFF /* Antonio_PedrosoUITestsLaunchTests.swift in Sources */,
				5A729A172A9E76D300351AFF /* Antonio_PedrosoUITests.swift in Sources */,
			);
			runOnlyForDeploymentPostprocessing = 0;
		};
/* End PBXSourcesBuildPhase section */

/* Begin PBXTargetDependency section */
		5A729A0A2A9E76D300351AFF /* PBXTargetDependency */ = {
			isa = PBXTargetDependency;
			target = 5A7299F12A9E76D100351AFF /* Antonio Pedroso */;
			targetProxy = 5A729A092A9E76D300351AFF /* PBXContainerItemProxy */;
		};
		5A729A142A9E76D300351AFF /* PBXTargetDependency */ = {
			isa = PBXTargetDependency;
			target = 5A7299F12A9E76D100351AFF /* Antonio Pedroso */;
			targetProxy = 5A729A132A9E76D300351AFF /* PBXContainerItemProxy */;
		};
/* End PBXTargetDependency section */

/* Begin PBXVariantGroup section */
		5A7299FB2A9E76D100351AFF /* Main.storyboard */ = {
			isa = PBXVariantGroup;
			children = (
				5A7299FC2A9E76D100351AFF /* Base */,
			);
			name = Main.storyboard;
			sourceTree = "<group>";
		};
		5A729A002A9E76D300351AFF /* LaunchScreen.storyboard */ = {
			isa = PBXVariantGroup;
			children = (
				5A729A012A9E76D300351AFF /* Base */,
			);
			name = LaunchScreen.storyboard;
			sourceTree = "<group>";
		};
/* End PBXVariantGroup section */

/* Begin XCBuildConfiguration section */
		5A729A1A2A9E76D300351AFF /* Debug */ = {
			isa = XCBuildConfiguration;
			buildSettings = {
				ALWAYS_SEARCH_USER_PATHS = NO;
				CLANG_ANALYZER_NONNULL = YES;
				CLANG_ANALYZER_NUMBER_OBJECT_CONVERSION = YES_AGGRESSIVE;
				CLANG_CXX_LANGUAGE_STANDARD = "gnu++20";
				CLANG_ENABLE_MODULES = YES;
				CLANG_ENABLE_OBJC_ARC = YES;
				CLANG_ENABLE_OBJC_WEAK = YES;
				CLANG_WARN_BLOCK_CAPTURE_AUTORELEASING = YES;
				CLANG_WARN_BOOL_CONVERSION = YES;
				CLANG_WARN_COMMA = YES;
				CLANG_WARN_CONSTANT_CONVERSION = YES;
				CLANG_WARN_DEPRECATED_OBJC_IMPLEMENTATIONS = YES;
				CLANG_WARN_DIRECT_OBJC_ISA_USAGE = YES_ERROR;
				CLANG_WARN_DOCUMENTATION_COMMENTS = YES;
				CLANG_WARN_EMPTY_BODY = YES;
				CLANG_WARN_ENUM_CONVERSION = YES;
				CLANG_WARN_INFINITE_RECURSION = YES;
				CLANG_WARN_INT_CONVERSION = YES;
				CLANG_WARN_NON_LITERAL_NULL_CONVERSION = YES;
				CLANG_WARN_OBJC_IMPLICIT_RETAIN_SELF = YES;
				CLANG_WARN_OBJC_LITERAL_CONVERSION = YES;
				CLANG_WARN_OBJC_ROOT_CLASS = YES_ERROR;
				CLANG_WARN_QUOTED_INCLUDE_IN_FRAMEWORK_HEADER = YES;
				CLANG_WARN_RANGE_LOOP_ANALYSIS = YES;
				CLANG_WARN_STRICT_PROTOTYPES = YES;
				CLANG_WARN_SUSPICIOUS_MOVE = YES;
				CLANG_WARN_UNGUARDED_AVAILABILITY = YES_AGGRESSIVE;
				CLANG_WARN_UNREACHABLE_CODE = YES;
				CLANG_WARN__DUPLICATE_METHOD_MATCH = YES;
				COPY_PHASE_STRIP = NO;
				DEBUG_INFORMATION_FORMAT = dwarf;
				ENABLE_STRICT_OBJC_MSGSEND = YES;
				ENABLE_TESTABILITY = YES;
				GCC_C_LANGUAGE_STANDARD = gnu11;
				GCC_DYNAMIC_NO_PIC = NO;
				GCC_NO_COMMON_BLOCKS = YES;
				GCC_OPTIMIZATION_LEVEL = 0;
				GCC_PREPROCESSOR_DEFINITIONS = (
					"DEBUG=1",
					"$(inherited)",
				);
				GCC_WARN_64_TO_32_BIT_CONVERSION = YES;
				GCC_WARN_ABOUT_RETURN_TYPE = YES_ERROR;
				GCC_WARN_UNDECLARED_SELECTOR = YES;
				GCC_WARN_UNINITIALIZED_AUTOS = YES_AGGRESSIVE;
				GCC_WARN_UNUSED_FUNCTION = YES;
				GCC_WARN_UNUSED_VARIABLE = YES;
				IPHONEOS_DEPLOYMENT_TARGET = 16.4;
				MTL_ENABLE_DEBUG_INFO = INCLUDE_SOURCE;
				MTL_FAST_MATH = YES;
				ONLY_ACTIVE_ARCH = YES;
				SDKROOT = iphoneos;
				SWIFT_ACTIVE_COMPILATION_CONDITIONS = DEBUG;
				SWIFT_OPTIMIZATION_LEVEL = "-Onone";
			};
			name = Debug;
		};
		5A729A1B2A9E76D300351AFF /* Release */ = {
			isa = XCBuildConfiguration;
			buildSettings = {
				ALWAYS_SEARCH_USER_PATHS = NO;
				CLANG_ANALYZER_NONNULL = YES;
				CLANG_ANALYZER_NUMBER_OBJECT_CONVERSION = YES_AGGRESSIVE;
				CLANG_CXX_LANGUAGE_STANDARD = "gnu++20";
				CLANG_ENABLE_MODULES = YES;
				CLANG_ENABLE_OBJC_ARC = YES;
				CLANG_ENABLE_OBJC_WEAK = YES;
				CLANG_WARN_BLOCK_CAPTURE_AUTORELEASING = YES;
				CLANG_WARN_BOOL_CONVERSION = YES;
				CLANG_WARN_COMMA = YES;
				CLANG_WARN_CONSTANT_CONVERSION = YES;
				CLANG_WARN_DEPRECATED_OBJC_IMPLEMENTATIONS = YES;
				CLANG_WARN_DIRECT_OBJC_ISA_USAGE = YES_ERROR;
				CLANG_WARN_DOCUMENTATION_COMMENTS = YES;
				CLANG_WARN_EMPTY_BODY = YES;
				CLANG_WARN_ENUM_CONVERSION = YES;
				CLANG_WARN_INFINITE_RECURSION = YES;
				CLANG_WARN_INT_CONVERSION = YES;
				CLANG_WARN_NON_LITERAL_NULL_CONVERSION = YES;
				CLANG_WARN_OBJC_IMPLICIT_RETAIN_SELF = YES;
				CLANG_WARN_OBJC_LITERAL_CONVERSION = YES;
				CLANG_WARN_OBJC_ROOT_CLASS = YES_ERROR;
				CLANG_WARN_QUOTED_INCLUDE_IN_FRAMEWORK_HEADER = YES;
				CLANG_WARN_RANGE_LOOP_ANALYSIS = YES;
				CLANG_WARN_STRICT_PROTOTYPES = YES;
				CLANG_WARN_SUSPICIOUS_MOVE = YES;
				CLANG_WARN_UNGUARDED_AVAILABILITY = YES_AGGRESSIVE;
				CLANG_WARN_UNREACHABLE_CODE = YES;
				CLANG_WARN__DUPLICATE_METHOD_MATCH = YES;
				COPY_PHASE_STRIP = NO;
				DEBUG_INFORMATION_FORMAT = "dwarf-with-dsym";
				ENABLE_NS_ASSERTIONS = NO;
				ENABLE_STRICT_OBJC_MSGSEND = YES;
				GCC_C_LANGUAGE_STANDARD = gnu11;
				GCC_NO_COMMON_BLOCKS = YES;
				GCC_WARN_64_TO_32_BIT_CONVERSION = YES;
				GCC_WARN_ABOUT_RETURN_TYPE = YES_ERROR;
				GCC_WARN_UNDECLARED_SELECTOR = YES;
				GCC_WARN_UNINITIALIZED_AUTOS = YES_AGGRESSIVE;
				GCC_WARN_UNUSED_FUNCTION = YES;
				GCC_WARN_UNUSED_VARIABLE = YES;
				IPHONEOS_DEPLOYMENT_TARGET = 16.4;
				MTL_ENABLE_DEBUG_INFO = NO;
				MTL_FAST_MATH = YES;
				SDKROOT = iphoneos;
				SWIFT_COMPILATION_MODE = wholemodule;
				SWIFT_OPTIMIZATION_LEVEL = "-O";
				VALIDATE_PRODUCT = YES;
			};
			name = Release;
		};
		5A729A1D2A9E76D300351AFF /* Debug */ = {
			isa = XCBuildConfiguration;
			buildSettings = {
				ASSETCATALOG_COMPILER_APPICON_NAME = AppIcon;
				ASSETCATALOG_COMPILER_GLOBAL_ACCENT_COLOR_NAME = AccentColor;
				CODE_SIGN_STYLE = Automatic;
				CURRENT_PROJECT_VERSION = 1;
				DEVELOPMENT_TEAM = 8X88ZF42X9;
				GENERATE_INFOPLIST_FILE = YES;
				INFOPLIST_FILE = "Antonio Pedroso/Info.plist";
				INFOPLIST_KEY_UIApplicationSupportsIndirectInputEvents = YES;
				INFOPLIST_KEY_UILaunchStoryboardName = LaunchScreen;
				INFOPLIST_KEY_UIMainStoryboardFile = Main;
				INFOPLIST_KEY_UISupportedInterfaceOrientations_iPad = "UIInterfaceOrientationPortrait UIInterfaceOrientationPortraitUpsideDown UIInterfaceOrientationLandscapeLeft UIInterfaceOrientationLandscapeRight";
				INFOPLIST_KEY_UISupportedInterfaceOrientations_iPhone = "UIInterfaceOrientationPortrait UIInterfaceOrientationLandscapeLeft UIInterfaceOrientationLandscapeRight";
				LD_RUNPATH_SEARCH_PATHS = (
					"$(inherited)",
					"@executable_path/Frameworks",
				);
				MARKETING_VERSION = 1.0;
				PRODUCT_BUNDLE_IDENTIFIER = "com.viaoceanica.Antonio-Pedroso";
				PRODUCT_NAME = "$(TARGET_NAME)";
				SWIFT_EMIT_LOC_STRINGS = YES;
				SWIFT_VERSION = 5.0;
				TARGETED_DEVICE_FAMILY = "1,2";
			};
			name = Debug;
		};
		5A729A1E2A9E76D300351AFF /* Release */ = {
			isa = XCBuildConfiguration;
			buildSettings = {
				ASSETCATALOG_COMPILER_APPICON_NAME = AppIcon;
				ASSETCATALOG_COMPILER_GLOBAL_ACCENT_COLOR_NAME = AccentColor;
				CODE_SIGN_STYLE = Automatic;
				CURRENT_PROJECT_VERSION = 1;
				DEVELOPMENT_TEAM = 8X88ZF42X9;
				GENERATE_INFOPLIST_FILE = YES;
				INFOPLIST_FILE = "Antonio Pedroso/Info.plist";
				INFOPLIST_KEY_UIApplicationSupportsIndirectInputEvents = YES;
				INFOPLIST_KEY_UILaunchStoryboardName = LaunchScreen;
				INFOPLIST_KEY_UIMainStoryboardFile = Main;
				INFOPLIST_KEY_UISupportedInterfaceOrientations_iPad = "UIInterfaceOrientationPortrait UIInterfaceOrientationPortraitUpsideDown UIInterfaceOrientationLandscapeLeft UIInterfaceOrientationLandscapeRight";
				INFOPLIST_KEY_UISupportedInterfaceOrientations_iPhone = "UIInterfaceOrientationPortrait UIInterfaceOrientationLandscapeLeft UIInterfaceOrientationLandscapeRight";
				LD_RUNPATH_SEARCH_PATHS = (
					"$(inherited)",
					"@executable_path/Frameworks",
				);
				MARKETING_VERSION = 1.0;
				PRODUCT_BUNDLE_IDENTIFIER = "com.viaoceanica.Antonio-Pedroso";
				PRODUCT_NAME = "$(TARGET_NAME)";
				SWIFT_EMIT_LOC_STRINGS = YES;
				SWIFT_VERSION = 5.0;
				TARGETED_DEVICE_FAMILY = "1,2";
			};
			name = Release;
		};
		5A729A202A9E76D300351AFF /* Debug */ = {
			isa = XCBuildConfiguration;
			buildSettings = {
				ALWAYS_EMBED_SWIFT_STANDARD_LIBRARIES = YES;
				BUNDLE_LOADER = "$(TEST_HOST)";
				CODE_SIGN_STYLE = Automatic;
				CURRENT_PROJECT_VERSION = 1;
				DEVELOPMENT_TEAM = 8X88ZF42X9;
				GENERATE_INFOPLIST_FILE = YES;
				IPHONEOS_DEPLOYMENT_TARGET = 16.4;
				MARKETING_VERSION = 1.0;
				PRODUCT_BUNDLE_IDENTIFIER = "com.viaoceanica.Antonio-PedrosoTests";
				PRODUCT_NAME = "$(TARGET_NAME)";
				SWIFT_EMIT_LOC_STRINGS = NO;
				SWIFT_VERSION = 5.0;
				TARGETED_DEVICE_FAMILY = "1,2";
				TEST_HOST = "$(BUILT_PRODUCTS_DIR)/Antonio Pedroso.app/$(BUNDLE_EXECUTABLE_FOLDER_PATH)/Antonio Pedroso";
			};
			name = Debug;
		};
		5A729A212A9E76D300351AFF /* Release */ = {
			isa = XCBuildConfiguration;
			buildSettings = {
				ALWAYS_EMBED_SWIFT_STANDARD_LIBRARIES = YES;
				BUNDLE_LOADER = "$(TEST_HOST)";
				CODE_SIGN_STYLE = Automatic;
				CURRENT_PROJECT_VERSION = 1;
				DEVELOPMENT_TEAM = 8X88ZF42X9;
				GENERATE_INFOPLIST_FILE = YES;
				IPHONEOS_DEPLOYMENT_TARGET = 16.4;
				MARKETING_VERSION = 1.0;
				PRODUCT_BUNDLE_IDENTIFIER = "com.viaoceanica.Antonio-PedrosoTests";
				PRODUCT_NAME = "$(TARGET_NAME)";
				SWIFT_EMIT_LOC_STRINGS = NO;
				SWIFT_VERSION = 5.0;
				TARGETED_DEVICE_FAMILY = "1,2";
				TEST_HOST = "$(BUILT_PRODUCTS_DIR)/Antonio Pedroso.app/$(BUNDLE_EXECUTABLE_FOLDER_PATH)/Antonio Pedroso";
			};
			name = Release;
		};
		5A729A232A9E76D300351AFF /* Debug */ = {
			isa = XCBuildConfiguration;
			buildSettings = {
				ALWAYS_EMBED_SWIFT_STANDARD_LIBRARIES = YES;
				CODE_SIGN_STYLE = Automatic;
				CURRENT_PROJECT_VERSION = 1;
				DEVELOPMENT_TEAM = 8X88ZF42X9;
				GENERATE_INFOPLIST_FILE = YES;
				MARKETING_VERSION = 1.0;
				PRODUCT_BUNDLE_IDENTIFIER = "com.viaoceanica.Antonio-PedrosoUITests";
				PRODUCT_NAME = "$(TARGET_NAME)";
				SWIFT_EMIT_LOC_STRINGS = NO;
				SWIFT_VERSION = 5.0;
				TARGETED_DEVICE_FAMILY = "1,2";
				TEST_TARGET_NAME = "Antonio Pedroso";
			};
			name = Debug;
		};
		5A729A242A9E76D300351AFF /* Release */ = {
			isa = XCBuildConfiguration;
			buildSettings = {
				ALWAYS_EMBED_SWIFT_STANDARD_LIBRARIES = YES;
				CODE_SIGN_STYLE = Automatic;
				CURRENT_PROJECT_VERSION = 1;
				DEVELOPMENT_TEAM = 8X88ZF42X9;
				GENERATE_INFOPLIST_FILE = YES;
				MARKETING_VERSION = 1.0;
				PRODUCT_BUNDLE_IDENTIFIER = "com.viaoceanica.Antonio-PedrosoUITests";
				PRODUCT_NAME = "$(TARGET_NAME)";
				SWIFT_EMIT_LOC_STRINGS = NO;
				SWIFT_VERSION = 5.0;
				TARGETED_DEVICE_FAMILY = "1,2";
				TEST_TARGET_NAME = "Antonio Pedroso";
			};
			name = Release;
		};
/* End XCBuildConfiguration section */

/* Begin XCConfigurationList section */
		5A7299ED2A9E76D100351AFF /* Build configuration list for PBXProject "Antonio Pedroso" */ = {
			isa = XCConfigurationList;
			buildConfigurations = (
				5A729A1A2A9E76D300351AFF /* Debug */,
				5A729A1B2A9E76D300351AFF /* Release */,
			);
			defaultConfigurationIsVisible = 0;
			defaultConfigurationName = Release;
		};
		5A729A1C2A9E76D300351AFF /* Build configuration list for PBXNativeTarget "Antonio Pedroso" */ = {
			isa = XCConfigurationList;
			buildConfigurations = (
				5A729A1D2A9E76D300351AFF /* Debug */,
				5A729A1E2A9E76D300351AFF /* Release */,
			);
			defaultConfigurationIsVisible = 0;
			defaultConfigurationName = Release;
		};
		5A729A1F2A9E76D300351AFF /* Build configuration list for PBXNativeTarget "Antonio PedrosoTests" */ = {
			isa = XCConfigurationList;
			buildConfigurations = (
				5A729A202A9E76D300351AFF /* Debug */,
				5A729A212A9E76D300351AFF /* Release */,
			);
			defaultConfigurationIsVisible = 0;
			defaultConfigurationName = Release;
		};
		5A729A222A9E76D300351AFF /* Build configuration list for PBXNativeTarget "Antonio PedrosoUITests" */ = {
			isa = XCConfigurationList;
			buildConfigurations = (
				5A729A232A9E76D300351AFF /* Debug */,
				5A729A242A9E76D300351AFF /* Release */,
			);
			defaultConfigurationIsVisible = 0;
			defaultConfigurationName = Release;
		};
/* End XCConfigurationList section */
	};
	rootObject = 5A7299EA2A9E76D100351AFF /* Project object */;
}
